
Microsoft Visual Studio Solution File, Format Version 12.00
# Visual Studio Version 17
VisualStudioVersion = 17.5.33516.290
MinimumVisualStudioVersion = 10.0.40219.1
Project("{2150E333-8FDC-42A3-9474-1A3956D46DE8}") = "Guanabara", "Guanabara", "{4C2C50FE-82AA-4513-9060-73C96D214AC5}"
EndProject
Project("{9A19103F-16F7-4668-BE54-9A1E7A4F7556}") = "001ClasseEObjeto", "..\001ClasseEObjeto\001ClasseEObjeto.csproj", "{DBC1A14D-DC9B-4BA2-926E-3BE12DB8D95E}"
EndProject
Project("{9A19103F-16F7-4668-BE54-9A1E7A4F7556}") = "001Exercicio", "..\001Exercicio\001Exercicio.csproj", "{6DF90B0F-1449-4586-8EE9-90A8E63A8DBE}"
EndProject
Project("{9A19103F-16F7-4668-BE54-9A1E7A4F7556}") = "002Visibilidade", "..\002Visibilidade\002Visibilidade.csproj", "{63DED077-A984-4054-BB45-C31C7937236D}"
EndProject
Project("{9A19103F-16F7-4668-BE54-9A1E7A4F7556}") = "003MetodosEspeciais", "..\003MetodosEspeciais\003MetodosEspeciais.csproj", "{C75030F0-E3C4-454E-A815-AFF55EE957B0}"
EndProject
Project("{9A19103F-16F7-4668-BE54-9A1E7A4F7556}") = "004ExercicioContaBanco", "..\004ExercicioContaBanco\004ExercicioContaBanco.csproj", "{40C70B62-3E34-40F6-BCD8-F9963AC40C8F}"
EndProject
Project("{9A19103F-16F7-4668-BE54-9A1E7A4F7556}") = "005Encapsulamento", "..\005Encapsulamento\005Encapsulamento.csproj", "{B7279CB3-1589-4BAF-8E97-3C86C436C0F0}"
EndProject
Project("{9A19103F-16F7-4668-BE54-9A1E7A4F7556}") = "006Relacionamento", "..\006Relacionamento\006Relacionamento.csproj", "{76B89989-43C0-4B0F-8787-86B42DD67BEC}"
EndProject
Project("{FAE04EC0-301F-11D3-BF4B-00C04F79EFBC}") = "007ExerciciosPoo", "..\007ExerciciosPoo\007ExerciciosPoo.csproj", "{4F9B8B78-76ED-49D5-9261-1A1817B68640}"
EndProject
Global
	GlobalSection(SolutionConfigurationPlatforms) = preSolution
		Debug|Any CPU = Debug|Any CPU
		Release|Any CPU = Release|Any CPU
	EndGlobalSection
	GlobalSection(ProjectConfigurationPlatforms) = postSolution
		{DBC1A14D-DC9B-4BA2-926E-3BE12DB8D95E}.Debug|Any CPU.ActiveCfg = Debug|Any CPU
		{DBC1A14D-DC9B-4BA2-926E-3BE12DB8D95E}.Debug|Any CPU.Build.0 = Debug|Any CPU
		{DBC1A14D-DC9B-4BA2-926E-3BE12DB8D95E}.Release|Any CPU.ActiveCfg = Release|Any CPU
		{DBC1A14D-DC9B-4BA2-926E-3BE12DB8D95E}.Release|Any CPU.Build.0 = Release|Any CPU
		{6DF90B0F-1449-4586-8EE9-90A8E63A8DBE}.Debug|Any CPU.ActiveCfg = Debug|Any CPU
		{6DF90B0F-1449-4586-8EE9-90A8E63A8DBE}.Debug|Any CPU.Build.0 = Debug|Any CPU
		{6DF90B0F-1449-4586-8EE9-90A8E63A8DBE}.Release|Any CPU.ActiveCfg = Release|Any CPU
		{6DF90B0F-1449-4586-8EE9-90A8E63A8DBE}.Release|Any CPU.Build.0 = Release|Any CPU
		{63DED077-A984-4054-BB45-C31C7937236D}.Debug|Any CPU.ActiveCfg = Debug|Any CPU
		{63DED077-A984-4054-BB45-C31C7937236D}.Debug|Any CPU.Build.0 = Debug|Any CPU
		{63DED077-A984-4054-BB45-C31C7937236D}.Release|Any CPU.ActiveCfg = Release|Any CPU
		{63DED077-A984-4054-BB45-C31C7937236D}.Release|Any CPU.Build.0 = Release|Any CPU
		{C75030F0-E3C4-454E-A815-AFF55EE957B0}.Debug|Any CPU.ActiveCfg = Debug|Any CPU
		{C75030F0-E3C4-454E-A815-AFF55EE957B0}.Debug|Any CPU.Build.0 = Debug|Any CPU
		{C75030F0-E3C4-454E-A815-AFF55EE957B0}.Release|Any CPU.ActiveCfg = Release|Any CPU
		{C75030F0-E3C4-454E-A815-AFF55EE957B0}.Release|Any CPU.Build.0 = Release|Any CPU
		{40C70B62-3E34-40F6-BCD8-F9963AC40C8F}.Debug|Any CPU.ActiveCfg = Debug|Any CPU
		{40C70B62-3E34-40F6-BCD8-F9963AC40C8F}.Debug|Any CPU.Build.0 = Debug|Any CPU
		{40C70B62-3E34-40F6-BCD8-F9963AC40C8F}.Release|Any CPU.ActiveCfg = Release|Any CPU
		{40C70B62-3E34-40F6-BCD8-F9963AC40C8F}.Release|Any CPU.Build.0 = Release|Any CPU
		{B7279CB3-1589-4BAF-8E97-3C86C436C0F0}.Debug|Any CPU.ActiveCfg = Debug|Any CPU
		{B7279CB3-1589-4BAF-8E97-3C86C436C0F0}.Debug|Any CPU.Build.0 = Debug|Any CPU
		{B7279CB3-1589-4BAF-8E97-3C86C436C0F0}.Release|Any CPU.ActiveCfg = Release|Any CPU
		{B7279CB3-1589-4BAF-8E97-3C86C436C0F0}.Release|Any CPU.Build.0 = Release|Any CPU
		{76B89989-43C0-4B0F-8787-86B42DD67BEC}.Debug|Any CPU.ActiveCfg = Debug|Any CPU
		{76B89989-43C0-4B0F-8787-86B42DD67BEC}.Debug|Any CPU.Build.0 = Debug|Any CPU
		{76B89989-43C0-4B0F-8787-86B42DD67BEC}.Release|Any CPU.ActiveCfg = Release|Any CPU
		{76B89989-43C0-4B0F-8787-86B42DD67BEC}.Release|Any CPU.Build.0 = Release|Any CPU
		{4F9B8B78-76ED-49D5-9261-1A1817B68640}.Debug|Any CPU.ActiveCfg = Debug|Any CPU
		{4F9B8B78-76ED-49D5-9261-1A1817B68640}.Debug|Any CPU.Build.0 = Debug|Any CPU
		{4F9B8B78-76ED-49D5-9261-1A1817B68640}.Release|Any CPU.ActiveCfg = Release|Any CPU
		{4F9B8B78-76ED-49D5-9261-1A1817B68640}.Release|Any CPU.Build.0 = Release|Any CPU
	EndGlobalSection
	GlobalSection(SolutionProperties) = preSolution
		HideSolutionNode = FALSE
	EndGlobalSection
	GlobalSection(NestedProjects) = preSolution
		{DBC1A14D-DC9B-4BA2-926E-3BE12DB8D95E} = {4C2C50FE-82AA-4513-9060-73C96D214AC5}
		{6DF90B0F-1449-4586-8EE9-90A8E63A8DBE} = {4C2C50FE-82AA-4513-9060-73C96D214AC5}
		{63DED077-A984-4054-BB45-C31C7937236D} = {4C2C50FE-82AA-4513-9060-73C96D214AC5}
		{C75030F0-E3C4-454E-A815-AFF55EE957B0} = {4C2C50FE-82AA-4513-9060-73C96D214AC5}
		{40C70B62-3E34-40F6-BCD8-F9963AC40C8F} = {4C2C50FE-82AA-4513-9060-73C96D214AC5}
		{B7279CB3-1589-4BAF-8E97-3C86C436C0F0} = {4C2C50FE-82AA-4513-9060-73C96D214AC5}
		{76B89989-43C0-4B0F-8787-86B42DD67BEC} = {4C2C50FE-82AA-4513-9060-73C96D214AC5}
		{4F9B8B78-76ED-49D5-9261-1A1817B68640} = {4C2C50FE-82AA-4513-9060-73C96D214AC5}
	EndGlobalSection
	GlobalSection(ExtensibilityGlobals) = postSolution
		SolutionGuid = {96983CA3-3712-48E8-8513-605FFE77F342}
	EndGlobalSection
EndGlobal
